
Microsoft Visual Studio Solution File, Format Version 12.00
# Visual Studio Version 17
VisualStudioVersion = 17.14.36623.8 d17.14
MinimumVisualStudioVersion = 10.0.40219.1
Project("{FAE04EC0-301F-11D3-BF4B-00C04F79EFBC}") = "MoodByte", "MoodByte\MoodByte.csproj", "{5DD1706F-7716-436A-A54F-597E140A5AAA}"
EndProject
Project("{FAE04EC0-301F-11D3-BF4B-00C04F79EFBC}") = "Modelo", "Modelo\Modelo.csproj", "{020E9933-7A3F-4E5B-A728-03B905CF0D3A}"
EndProject
Global
	GlobalSection(SolutionConfigurationPlatforms) = preSolution
		Debug|Any CPU = Debug|Any CPU
		Release|Any CPU = Release|Any CPU
	EndGlobalSection
	GlobalSection(ProjectConfigurationPlatforms) = postSolution
		{5DD1706F-7716-436A-A54F-597E140A5AAA}.Debug|Any CPU.ActiveCfg = Debug|Any CPU
		{5DD1706F-7716-436A-A54F-597E140A5AAA}.Debug|Any CPU.Build.0 = Debug|Any CPU
		{5DD1706F-7716-436A-A54F-597E140A5AAA}.Release|Any CPU.ActiveCfg = Release|Any CPU
		{5DD1706F-7716-436A-A54F-597E140A5AAA}.Release|Any CPU.Build.0 = Release|Any CPU
		{020E9933-7A3F-4E5B-A728-03B905CF0D3A}.Debug|Any CPU.ActiveCfg = Debug|Any CPU
		{020E9933-7A3F-4E5B-A728-03B905CF0D3A}.Debug|Any CPU.Build.0 = Debug|Any CPU
		{020E9933-7A3F-4E5B-A728-03B905CF0D3A}.Release|Any CPU.ActiveCfg = Release|Any CPU
		{020E9933-7A3F-4E5B-A728-03B905CF0D3A}.Release|Any CPU.Build.0 = Release|Any CPU
	EndGlobalSection
	GlobalSection(SolutionProperties) = preSolution
		HideSolutionNode = FALSE
	EndGlobalSection
	GlobalSection(ExtensibilityGlobals) = postSolution
		SolutionGuid = {02B1E680-CF9B-4481-B93F-B1B92498AD14}
	EndGlobalSection
EndGlobal
